
Microsoft Visual Studio Solution File, Format Version 12.00
# Visual Studio 15
VisualStudioVersion = 15.0.28010.2016
MinimumVisualStudioVersion = 10.0.40219.1
Project("{F184B08F-C81C-45F6-A57F-5ABD9991F28F}") = "BindingListToData", "BindingListToData\BindingListToData.vbproj", "{FCF31BF8-F28D-4F12-88AA-C5FF3016729E}"
EndProject
Global
	GlobalSection(SolutionConfigurationPlatforms) = preSolution
		Debug|Any CPU = Debug|Any CPU
		Release|Any CPU = Release|Any CPU
	EndGlobalSection
	GlobalSection(ProjectConfigurationPlatforms) = postSolution
		{FCF31BF8-F28D-4F12-88AA-C5FF3016729E}.Debug|Any CPU.ActiveCfg = Debug|Any CPU
		{FCF31BF8-F28D-4F12-88AA-C5FF3016729E}.Debug|Any CPU.Build.0 = Debug|Any CPU
		{FCF31BF8-F28D-4F12-88AA-C5FF3016729E}.Release|Any CPU.ActiveCfg = Release|Any CPU
		{FCF31BF8-F28D-4F12-88AA-C5FF3016729E}.Release|Any CPU.Build.0 = Release|Any CPU
	EndGlobalSection
	GlobalSection(SolutionProperties) = preSolution
		HideSolutionNode = FALSE
	EndGlobalSection
	GlobalSection(ExtensibilityGlobals) = postSolution
		SolutionGuid = {455E18E7-37A4-4A19-866E-D7E7BF5AB232}
	EndGlobalSection
EndGlobal
